// !$*UTF8*$!
{
	archiveVersion = 1;
	classes = {
	};
	objectVersion = 50;
	objects = {

/* Begin PBXBuildFile section */
		43B0EAFB26D740DC00FF79F4 /* AppDelegate.swift in Sources */ = {isa = PBXBuildFile; fileRef = 43B0EAFA26D740DC00FF79F4 /* AppDelegate.swift */; };
		43B0EAFD26D740DC00FF79F4 /* SceneDelegate.swift in Sources */ = {isa = PBXBuildFile; fileRef = 43B0EAFC26D740DC00FF79F4 /* SceneDelegate.swift */; };
		43B0EAFF26D740DC00FF79F4 /* ViewController.swift in Sources */ = {isa = PBXBuildFile; fileRef = 43B0EAFE26D740DC00FF79F4 /* ViewController.swift */; };
		43B0EB0226D740DC00FF79F4 /* Main.storyboard in Resources */ = {isa = PBXBuildFile; fileRef = 43B0EB0026D740DC00FF79F4 /* Main.storyboard */; };
		43B0EB0426D740DD00FF79F4 /* Assets.xcassets in Resources */ = {isa = PBXBuildFile; fileRef = 43B0EB0326D740DD00FF79F4 /* Assets.xcassets */; };
		43B0EB0726D740DD00FF79F4 /* LaunchScreen.storyboard in Resources */ = {isa = PBXBuildFile; fileRef = 43B0EB0526D740DD00FF79F4 /* LaunchScreen.storyboard */; };
		43B0EB1226D740DD00FF79F4 /* Tip_CalculatorTests.swift in Sources */ = {isa = PBXBuildFile; fileRef = 43B0EB1126D740DD00FF79F4 /* Tip_CalculatorTests.swift */; };
		43B0EB1D26D740DD00FF79F4 /* Tip_CalculatorUITests.swift in Sources */ = {isa = PBXBuildFile; fileRef = 43B0EB1C26D740DD00FF79F4 /* Tip_CalculatorUITests.swift */; };
		43B0EB2B26D85D6F00FF79F4 /* SettingsViewController.swift in Sources */ = {isa = PBXBuildFile; fileRef = 43B0EB2A26D85D6F00FF79F4 /* SettingsViewController.swift */; };
/* End PBXBuildFile section */

/* Begin PBXContainerItemProxy section */
		43B0EB0E26D740DD00FF79F4 /* PBXContainerItemProxy */ = {
			isa = PBXContainerItemProxy;
			containerPortal = 43B0EAEF26D740DC00FF79F4 /* Project object */;
			proxyType = 1;
			remoteGlobalIDString = 43B0EAF626D740DC00FF79F4;
			remoteInfo = "Tip Calculator";
		};
		43B0EB1926D740DD00FF79F4 /* PBXContainerItemProxy */ = {
			isa = PBXContainerItemProxy;
			containerPortal = 43B0EAEF26D740DC00FF79F4 /* Project object */;
			proxyType = 1;
			remoteGlobalIDString = 43B0EAF626D740DC00FF79F4;
			remoteInfo = "Tip Calculator";
		};
/* End PBXContainerItemProxy section */

/* Begin PBXFileReference section */
		43B0EAF726D740DC00FF79F4 /* Tip Calculator.app */ = {isa = PBXFileReference; explicitFileType = wrapper.application; includeInIndex = 0; path = "Tip Calculator.app"; sourceTree = BUILT_PRODUCTS_DIR; };
		43B0EAFA26D740DC00FF79F4 /* AppDelegate.swift */ = {isa = PBXFileReference; lastKnownFileType = sourcecode.swift; path = AppDelegate.swift; sourceTree = "<group>"; };
		43B0EAFC26D740DC00FF79F4 /* SceneDelegate.swift */ = {isa = PBXFileReference; lastKnownFileType = sourcecode.swift; path = SceneDelegate.swift; sourceTree = "<group>"; };
		43B0EAFE26D740DC00FF79F4 /* ViewController.swift */ = {isa = PBXFileReference; lastKnownFileType = sourcecode.swift; path = ViewController.swift; sourceTree = "<group>"; };
		43B0EB0126D740DC00FF79F4 /* Base */ = {isa = PBXFileReference; lastKnownFileType = file.storyboard; name = Base; path = Base.lproj/Main.storyboard; sourceTree = "<group>"; };
		43B0EB0326D740DD00FF79F4 /* Assets.xcassets */ = {isa = PBXFileReference; lastKnownFileType = folder.assetcatalog; path = Assets.xcassets; sourceTree = "<group>"; };
		43B0EB0626D740DD00FF79F4 /* Base */ = {isa = PBXFileReference; lastKnownFileType = file.storyboard; name = Base; path = Base.lproj/LaunchScreen.storyboard; sourceTree = "<group>"; };
		43B0EB0826D740DD00FF79F4 /* Info.plist */ = {isa = PBXFileReference; lastKnownFileType = text.plist.xml; path = Info.plist; sourceTree = "<group>"; };
		43B0EB0D26D740DD00FF79F4 /* Tip CalculatorTests.xctest */ = {isa = PBXFileReference; explicitFileType = wrapper.cfbundle; includeInIndex = 0; path = "Tip CalculatorTests.xctest"; sourceTree = BUILT_PRODUCTS_DIR; };
		43B0EB1126D740DD00FF79F4 /* Tip_CalculatorTests.swift */ = {isa = PBXFileReference; lastKnownFileType = sourcecode.swift; path = Tip_CalculatorTests.swift; sourceTree = "<group>"; };
		43B0EB1326D740DD00FF79F4 /* Info.plist */ = {isa = PBXFileReference; lastKnownFileType = text.plist.xml; path = Info.plist; sourceTree = "<group>"; };
		43B0EB1826D740DD00FF79F4 /* Tip CalculatorUITests.xctest */ = {isa = PBXFileReference; explicitFileType = wrapper.cfbundle; includeInIndex = 0; path = "Tip CalculatorUITests.xctest"; sourceTree = BUILT_PRODUCTS_DIR; };
		43B0EB1C26D740DD00FF79F4 /* Tip_CalculatorUITests.swift */ = {isa = PBXFileReference; lastKnownFileType = sourcecode.swift; path = Tip_CalculatorUITests.swift; sourceTree = "<group>"; };
		43B0EB1E26D740DD00FF79F4 /* Info.plist */ = {isa = PBXFileReference; lastKnownFileType = text.plist.xml; path = Info.plist; sourceTree = "<group>"; };
		43B0EB2A26D85D6F00FF79F4 /* SettingsViewController.swift */ = {isa = PBXFileReference; lastKnownFileType = sourcecode.swift; path = SettingsViewController.swift; sourceTree = "<group>"; };
/* End PBXFileReference section */

/* Begin PBXFrameworksBuildPhase section */
		43B0EAF426D740DC00FF79F4 /* Frameworks */ = {
			isa = PBXFrameworksBuildPhase;
			buildActionMask = 2147483647;
			files = (
			);
			runOnlyForDeploymentPostprocessing = 0;
		};
		43B0EB0A26D740DD00FF79F4 /* Frameworks */ = {
			isa = PBXFrameworksBuildPhase;
			buildActionMask = 2147483647;
			files = (
			);
			runOnlyForDeploymentPostprocessing = 0;
		};
		43B0EB1526D740DD00FF79F4 /* Frameworks */ = {
			isa = PBXFrameworksBuildPhase;
			buildActionMask = 2147483647;
			files = (
			);
			runOnlyForDeploymentPostprocessing = 0;
		};
/* End PBXFrameworksBuildPhase section */

/* Begin PBXGroup section */
		43B0EAEE26D740DC00FF79F4 = {
			isa = PBXGroup;
			children = (
				43B0EAF926D740DC00FF79F4 /* Tip Calculator */,
				43B0EB1026D740DD00FF79F4 /* Tip CalculatorTests */,
				43B0EB1B26D740DD00FF79F4 /* Tip CalculatorUITests */,
				43B0EAF826D740DC00FF79F4 /* Products */,
			);
			sourceTree = "<group>";
		};
		43B0EAF826D740DC00FF79F4 /* Products */ = {
			isa = PBXGroup;
			children = (
				43B0EAF726D740DC00FF79F4 /* Tip Calculator.app */,
				43B0EB0D26D740DD00FF79F4 /* Tip CalculatorTests.xctest */,
				43B0EB1826D740DD00FF79F4 /* Tip CalculatorUITests.xctest */,
			);
			name = Products;
			sourceTree = "<group>";
		};
		43B0EAF926D740DC00FF79F4 /* Tip Calculator */ = {
			isa = PBXGroup;
			children = (
				43B0EAFA26D740DC00FF79F4 /* AppDelegate.swift */,
				43B0EAFC26D740DC00FF79F4 /* SceneDelegate.swift */,
				43B0EAFE26D740DC00FF79F4 /* ViewController.swift */,
				43B0EB0026D740DC00FF79F4 /* Main.storyboard */,
				43B0EB2A26D85D6F00FF79F4 /* SettingsViewController.swift */,
				43B0EB0326D740DD00FF79F4 /* Assets.xcassets */,
				43B0EB0526D740DD00FF79F4 /* LaunchScreen.storyboard */,
				43B0EB0826D740DD00FF79F4 /* Info.plist */,
			);
			path = "Tip Calculator";
			sourceTree = "<group>";
		};
		43B0EB1026D740DD00FF79F4 /* Tip CalculatorTests */ = {
			isa = PBXGroup;
			children = (
				43B0EB1126D740DD00FF79F4 /* Tip_CalculatorTests.swift */,
				43B0EB1326D740DD00FF79F4 /* Info.plist */,
			);
			path = "Tip CalculatorTests";
			sourceTree = "<group>";
		};
		43B0EB1B26D740DD00FF79F4 /* Tip CalculatorUITests */ = {
			isa = PBXGroup;
			children = (
				43B0EB1C26D740DD00FF79F4 /* Tip_CalculatorUITests.swift */,
				43B0EB1E26D740DD00FF79F4 /* Info.plist */,
			);
			path = "Tip CalculatorUITests";
			sourceTree = "<group>";
		};
/* End PBXGroup section */

/* Begin PBXNativeTarget section */
		43B0EAF626D740DC00FF79F4 /* Tip Calculator */ = {
			isa = PBXNativeTarget;
			buildConfigurationList = 43B0EB2126D740DD00FF79F4 /* Build configuration list for PBXNativeTarget "Tip Calculator" */;
			buildPhases = (
				43B0EAF326D740DC00FF79F4 /* Sources */,
				43B0EAF426D740DC00FF79F4 /* Frameworks */,
				43B0EAF526D740DC00FF79F4 /* Resources */,
			);
			buildRules = (
			);
			dependencies = (
			);
			name = "Tip Calculator";
			productName = "Tip Calculator";
			productReference = 43B0EAF726D740DC00FF79F4 /* Tip Calculator.app */;
			productType = "com.apple.product-type.application";
		};
		43B0EB0C26D740DD00FF79F4 /* Tip CalculatorTests */ = {
			isa = PBXNativeTarget;
			buildConfigurationList = 43B0EB2426D740DD00FF79F4 /* Build configuration list for PBXNativeTarget "Tip CalculatorTests" */;
			buildPhases = (
				43B0EB0926D740DD00FF79F4 /* Sources */,
				43B0EB0A26D740DD00FF79F4 /* Frameworks */,
				43B0EB0B26D740DD00FF79F4 /* Resources */,
			);
			buildRules = (
			);
			dependencies = (
				43B0EB0F26D740DD00FF79F4 /* PBXTargetDependency */,
			);
			name = "Tip CalculatorTests";
			productName = "Tip CalculatorTests";
			productReference = 43B0EB0D26D740DD00FF79F4 /* Tip CalculatorTests.xctest */;
			productType = "com.apple.product-type.bundle.unit-test";
		};
		43B0EB1726D740DD00FF79F4 /* Tip CalculatorUITests */ = {
			isa = PBXNativeTarget;
			buildConfigurationList = 43B0EB2726D740DD00FF79F4 /* Build configuration list for PBXNativeTarget "Tip CalculatorUITests" */;
			buildPhases = (
				43B0EB1426D740DD00FF79F4 /* Sources */,
				43B0EB1526D740DD00FF79F4 /* Frameworks */,
				43B0EB1626D740DD00FF79F4 /* Resources */,
			);
			buildRules = (
			);
			dependencies = (
				43B0EB1A26D740DD00FF79F4 /* PBXTargetDependency */,
			);
			name = "Tip CalculatorUITests";
			productName = "Tip CalculatorUITests";
			productReference = 43B0EB1826D740DD00FF79F4 /* Tip CalculatorUITests.xctest */;
			productType = "com.apple.product-type.bundle.ui-testing";
		};
/* End PBXNativeTarget section */

/* Begin PBXProject section */
		43B0EAEF26D740DC00FF79F4 /* Project object */ = {
			isa = PBXProject;
			attributes = {
				LastSwiftUpdateCheck = 1250;
				LastUpgradeCheck = 1250;
				TargetAttributes = {
					43B0EAF626D740DC00FF79F4 = {
						CreatedOnToolsVersion = 12.5.1;
					};
					43B0EB0C26D740DD00FF79F4 = {
						CreatedOnToolsVersion = 12.5.1;
						TestTargetID = 43B0EAF626D740DC00FF79F4;
					};
					43B0EB1726D740DD00FF79F4 = {
						CreatedOnToolsVersion = 12.5.1;
						TestTargetID = 43B0EAF626D740DC00FF79F4;
					};
				};
			};
			buildConfigurationList = 43B0EAF226D740DC00FF79F4 /* Build configuration list for PBXProject "Tip Calculator" */;
			compatibilityVersion = "Xcode 9.3";
			developmentRegion = en;
			hasScannedForEncodings = 0;
			knownRegions = (
				en,
				Base,
			);
			mainGroup = 43B0EAEE26D740DC00FF79F4;
			productRefGroup = 43B0EAF826D740DC00FF79F4 /* Products */;
			projectDirPath = "";
			projectRoot = "";
			targets = (
				43B0EAF626D740DC00FF79F4 /* Tip Calculator */,
				43B0EB0C26D740DD00FF79F4 /* Tip CalculatorTests */,
				43B0EB1726D740DD00FF79F4 /* Tip CalculatorUITests */,
			);
		};
/* End PBXProject section */

/* Begin PBXResourcesBuildPhase section */
		43B0EAF526D740DC00FF79F4 /* Resources */ = {
			isa = PBXResourcesBuildPhase;
			buildActionMask = 2147483647;
			files = (
				43B0EB0726D740DD00FF79F4 /* LaunchScreen.storyboard in Resources */,
				43B0EB0426D740DD00FF79F4 /* Assets.xcassets in Resources */,
				43B0EB0226D740DC00FF79F4 /* Main.storyboard in Resources */,
			);
			runOnlyForDeploymentPostprocessing = 0;
		};
		43B0EB0B26D740DD00FF79F4 /* Resources */ = {
			isa = PBXResourcesBuildPhase;
			buildActionMask = 2147483647;
			files = (
			);
			runOnlyForDeploymentPostprocessing = 0;
		};
		43B0EB1626D740DD00FF79F4 /* Resources */ = {
			isa = PBXResourcesBuildPhase;
			buildActionMask = 2147483647;
			files = (
			);
			runOnlyForDeploymentPostprocessing = 0;
		};
/* End PBXResourcesBuildPhase section */

/* Begin PBXSourcesBuildPhase section */
		43B0EAF326D740DC00FF79F4 /* Sources */ = {
			isa = PBXSourcesBuildPhase;
			buildActionMask = 2147483647;
			files = (
				43B0EAFF26D740DC00FF79F4 /* ViewController.swift in Sources */,
				43B0EAFB26D740DC00FF79F4 /* AppDelegate.swift in Sources */,
				43B0EAFD26D740DC00FF79F4 /* SceneDelegate.swift in Sources */,
				43B0EB2B26D85D6F00FF79F4 /* SettingsViewController.swift in Sources */,
			);
			runOnlyForDeploymentPostprocessing = 0;
		};
		43B0EB0926D740DD00FF79F4 /* Sources */ = {
			isa = PBXSourcesBuildPhase;
			buildActionMask = 2147483647;
			files = (
				43B0EB1226D740DD00FF79F4 /* Tip_CalculatorTests.swift in Sources */,
			);
			runOnlyForDeploymentPostprocessing = 0;
		};
		43B0EB1426D740DD00FF79F4 /* Sources */ = {
			isa = PBXSourcesBuildPhase;
			buildActionMask = 2147483647;
			files = (
				43B0EB1D26D740DD00FF79F4 /* Tip_CalculatorUITests.swift in Sources */,
			);
			runOnlyForDeploymentPostprocessing = 0;
		};
/* End PBXSourcesBuildPhase section */

/* Begin PBXTargetDependency section */
		43B0EB0F26D740DD00FF79F4 /* PBXTargetDependency */ = {
			isa = PBXTargetDependency;
			target = 43B0EAF626D740DC00FF79F4 /* Tip Calculator */;
			targetProxy = 43B0EB0E26D740DD00FF79F4 /* PBXContainerItemProxy */;
		};
		43B0EB1A26D740DD00FF79F4 /* PBXTargetDependency */ = {
			isa = PBXTargetDependency;
			target = 43B0EAF626D740DC00FF79F4 /* Tip Calculator */;
			targetProxy = 43B0EB1926D740DD00FF79F4 /* PBXContainerItemProxy */;
		};
/* End PBXTargetDependency section */

/* Begin PBXVariantGroup section */
		43B0EB0026D740DC00FF79F4 /* Main.storyboard */ = {
			isa = PBXVariantGroup;
			children = (
				43B0EB0126D740DC00FF79F4 /* Base */,
			);
			name = Main.storyboard;
			sourceTree = "<group>";
		};
		43B0EB0526D740DD00FF79F4 /* LaunchScreen.storyboard */ = {
			isa = PBXVariantGroup;
			children = (
				43B0EB0626D740DD00FF79F4 /* Base */,
			);
			name = LaunchScreen.storyboard;
			sourceTree = "<group>";
		};
/* End PBXVariantGroup section */

/* Begin XCBuildConfiguration section */
		43B0EB1F26D740DD00FF79F4 /* Debug */ = {
			isa = XCBuildConfiguration;
			buildSettings = {
				ALWAYS_SEARCH_USER_PATHS = NO;
				CLANG_ANALYZER_NONNULL = YES;
				CLANG_ANALYZER_NUMBER_OBJECT_CONVERSION = YES_AGGRESSIVE;
				CLANG_CXX_LANGUAGE_STANDARD = "gnu++14";
				CLANG_CXX_LIBRARY = "libc++";
				CLANG_ENABLE_MODULES = YES;
				CLANG_ENABLE_OBJC_ARC = YES;
				CLANG_ENABLE_OBJC_WEAK = YES;
				CLANG_WARN_BLOCK_CAPTURE_AUTORELEASING = YES;
				CLANG_WARN_BOOL_CONVERSION = YES;
				CLANG_WARN_COMMA = YES;
				CLANG_WARN_CONSTANT_CONVERSION = YES;
				CLANG_WARN_DEPRECATED_OBJC_IMPLEMENTATIONS = YES;
				CLANG_WARN_DIRECT_OBJC_ISA_USAGE = YES_ERROR;
				CLANG_WARN_DOCUMENTATION_COMMENTS = YES;
				CLANG_WARN_EMPTY_BODY = YES;
				CLANG_WARN_ENUM_CONVERSION = YES;
				CLANG_WARN_INFINITE_RECURSION = YES;
				CLANG_WARN_INT_CONVERSION = YES;
				CLANG_WARN_NON_LITERAL_NULL_CONVERSION = YES;
				CLANG_WARN_OBJC_IMPLICIT_RETAIN_SELF = YES;
				CLANG_WARN_OBJC_LITERAL_CONVERSION = YES;
				CLANG_WARN_OBJC_ROOT_CLASS = YES_ERROR;
				CLANG_WARN_QUOTED_INCLUDE_IN_FRAMEWORK_HEADER = YES;
				CLANG_WARN_RANGE_LOOP_ANALYSIS = YES;
				CLANG_WARN_STRICT_PROTOTYPES = YES;
				CLANG_WARN_SUSPICIOUS_MOVE = YES;
				CLANG_WARN_UNGUARDED_AVAILABILITY = YES_AGGRESSIVE;
				CLANG_WARN_UNREACHABLE_CODE = YES;
				CLANG_WARN__DUPLICATE_METHOD_MATCH = YES;
				COPY_PHASE_STRIP = NO;
				DEBUG_INFORMATION_FORMAT = dwarf;
				ENABLE_STRICT_OBJC_MSGSEND = YES;
				ENABLE_TESTABILITY = YES;
				GCC_C_LANGUAGE_STANDARD = gnu11;
				GCC_DYNAMIC_NO_PIC = NO;
				GCC_NO_COMMON_BLOCKS = YES;
				GCC_OPTIMIZATION_LEVEL = 0;
				GCC_PREPROCESSOR_DEFINITIONS = (
					"DEBUG=1",
					"$(inherited)",
				);
				GCC_WARN_64_TO_32_BIT_CONVERSION = YES;
				GCC_WARN_ABOUT_RETURN_TYPE = YES_ERROR;
				GCC_WARN_UNDECLARED_SELECTOR = YES;
				GCC_WARN_UNINITIALIZED_AUTOS = YES_AGGRESSIVE;
				GCC_WARN_UNUSED_FUNCTION = YES;
				GCC_WARN_UNUSED_VARIABLE = YES;
				IPHONEOS_DEPLOYMENT_TARGET = 14.5;
				MTL_ENABLE_DEBUG_INFO = INCLUDE_SOURCE;
				MTL_FAST_MATH = YES;
				ONLY_ACTIVE_ARCH = YES;
				SDKROOT = iphoneos;
				SWIFT_ACTIVE_COMPILATION_CONDITIONS = DEBUG;
				SWIFT_OPTIMIZATION_LEVEL = "-Onone";
			};
			name = Debug;
		};
		43B0EB2026D740DD00FF79F4 /* Release */ = {
			isa = XCBuildConfiguration;
			buildSettings = {
				ALWAYS_SEARCH_USER_PATHS = NO;
				CLANG_ANALYZER_NONNULL = YES;
				CLANG_ANALYZER_NUMBER_OBJECT_CONVERSION = YES_AGGRESSIVE;
				CLANG_CXX_LANGUAGE_STANDARD = "gnu++14";
				CLANG_CXX_LIBRARY = "libc++";
				CLANG_ENABLE_MODULES = YES;
				CLANG_ENABLE_OBJC_ARC = YES;
				CLANG_ENABLE_OBJC_WEAK = YES;
				CLANG_WARN_BLOCK_CAPTURE_AUTORELEASING = YES;
				CLANG_WARN_BOOL_CONVERSION = YES;
				CLANG_WARN_COMMA = YES;
				CLANG_WARN_CONSTANT_CONVERSION = YES;
				CLANG_WARN_DEPRECATED_OBJC_IMPLEMENTATIONS = YES;
				CLANG_WARN_DIRECT_OBJC_ISA_USAGE = YES_ERROR;
				CLANG_WARN_DOCUMENTATION_COMMENTS = YES;
				CLANG_WARN_EMPTY_BODY = YES;
				CLANG_WARN_ENUM_CONVERSION = YES;
				CLANG_WARN_INFINITE_RECURSION = YES;
				CLANG_WARN_INT_CONVERSION = YES;
				CLANG_WARN_NON_LITERAL_NULL_CONVERSION = YES;
				CLANG_WARN_OBJC_IMPLICIT_RETAIN_SELF = YES;
				CLANG_WARN_OBJC_LITERAL_CONVERSION = YES;
				CLANG_WARN_OBJC_ROOT_CLASS = YES_ERROR;
				CLANG_WARN_QUOTED_INCLUDE_IN_FRAMEWORK_HEADER = YES;
				CLANG_WARN_RANGE_LOOP_ANALYSIS = YES;
				CLANG_WARN_STRICT_PROTOTYPES = YES;
				CLANG_WARN_SUSPICIOUS_MOVE = YES;
				CLANG_WARN_UNGUARDED_AVAILABILITY = YES_AGGRESSIVE;
				CLANG_WARN_UNREACHABLE_CODE = YES;
				CLANG_WARN__DUPLICATE_METHOD_MATCH = YES;
				COPY_PHASE_STRIP = NO;
				DEBUG_INFORMATION_FORMAT = "dwarf-with-dsym";
				ENABLE_NS_ASSERTIONS = NO;
				ENABLE_STRICT_OBJC_MSGSEND = YES;
				GCC_C_LANGUAGE_STANDARD = gnu11;
				GCC_NO_COMMON_BLOCKS = YES;
				GCC_WARN_64_TO_32_BIT_CONVERSION = YES;
				GCC_WARN_ABOUT_RETURN_TYPE = YES_ERROR;
				GCC_WARN_UNDECLARED_SELECTOR = YES;
				GCC_WARN_UNINITIALIZED_AUTOS = YES_AGGRESSIVE;
				GCC_WARN_UNUSED_FUNCTION = YES;
				GCC_WARN_UNUSED_VARIABLE = YES;
				IPHONEOS_DEPLOYMENT_TARGET = 14.5;
				MTL_ENABLE_DEBUG_INFO = NO;
				MTL_FAST_MATH = YES;
				SDKROOT = iphoneos;
				SWIFT_COMPILATION_MODE = wholemodule;
				SWIFT_OPTIMIZATION_LEVEL = "-O";
				VALIDATE_PRODUCT = YES;
			};
			name = Release;
		};
		43B0EB2226D740DD00FF79F4 /* Debug */ = {
			isa = XCBuildConfiguration;
			buildSettings = {
				ASSETCATALOG_COMPILER_APPICON_NAME = AppIcon;
				ASSETCATALOG_COMPILER_GLOBAL_ACCENT_COLOR_NAME = AccentColor;
				CODE_SIGN_IDENTITY = "Apple Development";
				CODE_SIGN_STYLE = Automatic;
				DEVELOPMENT_TEAM = C8Z62YGC7W;
				INFOPLIST_FILE = "Tip Calculator/Info.plist";
				LD_RUNPATH_SEARCH_PATHS = (
					"$(inherited)",
					"@executable_path/Frameworks",
				);
				PRODUCT_BUNDLE_IDENTIFIER = "brian-ai-tip-calculator";
				PRODUCT_NAME = "$(TARGET_NAME)";
				PROVISIONING_PROFILE_SPECIFIER = "";
				SWIFT_VERSION = 5.0;
				TARGETED_DEVICE_FAMILY = "1,2";
			};
			name = Debug;
		};
		43B0EB2326D740DD00FF79F4 /* Release */ = {
			isa = XCBuildConfiguration;
			buildSettings = {
				ASSETCATALOG_COMPILER_APPICON_NAME = AppIcon;
				ASSETCATALOG_COMPILER_GLOBAL_ACCENT_COLOR_NAME = AccentColor;
				CODE_SIGN_IDENTITY = "Apple Development";
				CODE_SIGN_STYLE = Automatic;
				DEVELOPMENT_TEAM = C8Z62YGC7W;
				INFOPLIST_FILE = "Tip Calculator/Info.plist";
				LD_RUNPATH_SEARCH_PATHS = (
					"$(inherited)",
					"@executable_path/Frameworks",
				);
				PRODUCT_BUNDLE_IDENTIFIER = "brian-ai-tip-calculator";
				PRODUCT_NAME = "$(TARGET_NAME)";
				PROVISIONING_PROFILE_SPECIFIER = "";
				SWIFT_VERSION = 5.0;
				TARGETED_DEVICE_FAMILY = "1,2";
			};
			name = Release;
		};
		43B0EB2526D740DD00FF79F4 /* Debug */ = {
			isa = XCBuildConfiguration;
			buildSettings = {
				ALWAYS_EMBED_SWIFT_STANDARD_LIBRARIES = YES;
				BUNDLE_LOADER = "$(TEST_HOST)";
				CODE_SIGN_STYLE = Automatic;
				DEVELOPMENT_TEAM = C8Z62YGC7W;
				INFOPLIST_FILE = "Tip CalculatorTests/Info.plist";
				IPHONEOS_DEPLOYMENT_TARGET = 14.5;
				LD_RUNPATH_SEARCH_PATHS = (
					"$(inherited)",
					"@executable_path/Frameworks",
					"@loader_path/Frameworks",
				);
				PRODUCT_BUNDLE_IDENTIFIER = "com.Tip-CalculatorTests";
				PRODUCT_NAME = "$(TARGET_NAME)";
				SWIFT_VERSION = 5.0;
				TARGETED_DEVICE_FAMILY = "1,2";
				TEST_HOST = "$(BUILT_PRODUCTS_DIR)/Tip Calculator.app/Tip Calculator";
			};
			name = Debug;
		};
		43B0EB2626D740DD00FF79F4 /* Release */ = {
			isa = XCBuildConfiguration;
			buildSettings = {
				ALWAYS_EMBED_SWIFT_STANDARD_LIBRARIES = YES;
				BUNDLE_LOADER = "$(TEST_HOST)";
				CODE_SIGN_STYLE = Automatic;
				DEVELOPMENT_TEAM = C8Z62YGC7W;
				INFOPLIST_FILE = "Tip CalculatorTests/Info.plist";
				IPHONEOS_DEPLOYMENT_TARGET = 14.5;
				LD_RUNPATH_SEARCH_PATHS = (
					"$(inherited)",
					"@executable_path/Frameworks",
					"@loader_path/Frameworks",
				);
				PRODUCT_BUNDLE_IDENTIFIER = "com.Tip-CalculatorTests";
				PRODUCT_NAME = "$(TARGET_NAME)";
				SWIFT_VERSION = 5.0;
				TARGETED_DEVICE_FAMILY = "1,2";
				TEST_HOST = "$(BUILT_PRODUCTS_DIR)/Tip Calculator.app/Tip Calculator";
			};
			name = Release;
		};
		43B0EB2826D740DD00FF79F4 /* Debug */ = {
			isa = XCBuildConfiguration;
			buildSettings = {
				ALWAYS_EMBED_SWIFT_STANDARD_LIBRARIES = YES;
				"CODE_SIGN_IDENTITY[sdk=macosx*]" = "-";
				CODE_SIGN_STYLE = Automatic;
				DEVELOPMENT_TEAM = C8Z62YGC7W;
				INFOPLIST_FILE = "Tip CalculatorUITests/Info.plist";
				LD_RUNPATH_SEARCH_PATHS = (
					"$(inherited)",
					"@executable_path/Frameworks",
					"@loader_path/Frameworks",
				);
				PRODUCT_BUNDLE_IDENTIFIER = "com.Tip-CalculatorUITests";
				PRODUCT_NAME = "$(TARGET_NAME)";
				SWIFT_VERSION = 5.0;
				TARGETED_DEVICE_FAMILY = "1,2";
				TEST_TARGET_NAME = "Tip Calculator";
			};
			name = Debug;
		};
		43B0EB2926D740DD00FF79F4 /* Release */ = {
			isa = XCBuildConfiguration;
			buildSettings = {
				ALWAYS_EMBED_SWIFT_STANDARD_LIBRARIES = YES;
				"CODE_SIGN_IDENTITY[sdk=macosx*]" = "-";
				CODE_SIGN_STYLE = Automatic;
				DEVELOPMENT_TEAM = C8Z62YGC7W;
				INFOPLIST_FILE = "Tip CalculatorUITests/Info.plist";
				LD_RUNPATH_SEARCH_PATHS = (
					"$(inherited)",
					"@executable_path/Frameworks",
					"@loader_path/Frameworks",
				);
				PRODUCT_BUNDLE_IDENTIFIER = "com.Tip-CalculatorUITests";
				PRODUCT_NAME = "$(TARGET_NAME)";
				SWIFT_VERSION = 5.0;
				TARGETED_DEVICE_FAMILY = "1,2";
				TEST_TARGET_NAME = "Tip Calculator";
			};
			name = Release;
		};
/* End XCBuildConfiguration section */

/* Begin XCConfigurationList section */
		43B0EAF226D740DC00FF79F4 /* Build configuration list for PBXProject "Tip Calculator" */ = {
			isa = XCConfigurationList;
			buildConfigurations = (
				43B0EB1F26D740DD00FF79F4 /* Debug */,
				43B0EB2026D740DD00FF79F4 /* Release */,
			);
			defaultConfigurationIsVisible = 0;
			defaultConfigurationName = Release;
		};
		43B0EB2126D740DD00FF79F4 /* Build configuration list for PBXNativeTarget "Tip Calculator" */ = {
			isa = XCConfigurationList;
			buildConfigurations = (
				43B0EB2226D740DD00FF79F4 /* Debug */,
				43B0EB2326D740DD00FF79F4 /* Release */,
			);
			defaultConfigurationIsVisible = 0;
			defaultConfigurationName = Release;
		};
		43B0EB2426D740DD00FF79F4 /* Build configuration list for PBXNativeTarget "Tip CalculatorTests" */ = {
			isa = XCConfigurationList;
			buildConfigurations = (
				43B0EB2526D740DD00FF79F4 /* Debug */,
				43B0EB2626D740DD00FF79F4 /* Release */,
			);
			defaultConfigurationIsVisible = 0;
			defaultConfigurationName = Release;
		};
		43B0EB2726D740DD00FF79F4 /* Build configuration list for PBXNativeTarget "Tip CalculatorUITests" */ = {
			isa = XCConfigurationList;
			buildConfigurations = (
				43B0EB2826D740DD00FF79F4 /* Debug */,
				43B0EB2926D740DD00FF79F4 /* Release */,
			);
			defaultConfigurationIsVisible = 0;
			defaultConfigurationName = Release;
		};
/* End XCConfigurationList section */
	};
	rootObject = 43B0EAEF26D740DC00FF79F4 /* Project object */;
}
